
Microsoft Visual Studio Solution File, Format Version 12.00
# Visual Studio Version 17
VisualStudioVersion = 17.4.33122.133
MinimumVisualStudioVersion = 10.0.40219.1
Project("{FAE04EC0-301F-11D3-BF4B-00C04F79EFBC}") = "BinaryFile", "BinaryFile\BinaryFile.csproj", "{0361A9D6-1141-4869-9C98-8EB6D4559EB7}"
EndProject
Global
	GlobalSection(SolutionConfigurationPlatforms) = preSolution
		Debug|Any CPU = Debug|Any CPU
		Release|Any CPU = Release|Any CPU
	EndGlobalSection
	GlobalSection(ProjectConfigurationPlatforms) = postSolution
		{0361A9D6-1141-4869-9C98-8EB6D4559EB7}.Debug|Any CPU.ActiveCfg = Debug|Any CPU
		{0361A9D6-1141-4869-9C98-8EB6D4559EB7}.Debug|Any CPU.Build.0 = Debug|Any CPU
		{0361A9D6-1141-4869-9C98-8EB6D4559EB7}.Release|Any CPU.ActiveCfg = Release|Any CPU
		{0361A9D6-1141-4869-9C98-8EB6D4559EB7}.Release|Any CPU.Build.0 = Release|Any CPU
	EndGlobalSection
	GlobalSection(SolutionProperties) = preSolution
		HideSolutionNode = FALSE
	EndGlobalSection
	GlobalSection(ExtensibilityGlobals) = postSolution
		SolutionGuid = {E9245686-126D-4483-B956-7EC5BA29790F}
	EndGlobalSection
EndGlobal
